
Microsoft Visual Studio Solution File, Format Version 12.00
# Visual Studio Version 17
VisualStudioVersion = 17.5.33424.131
MinimumVisualStudioVersion = 10.0.40219.1
Project("{FAE04EC0-301F-11D3-BF4B-00C04F79EFBC}") = "NimGame", "NimGame\NimGame.csproj", "{A217B22D-36BD-4E21-A27F-A2C8BF811BD3}"
EndProject
Global
	GlobalSection(SolutionConfigurationPlatforms) = preSolution
		Debug|Any CPU = Debug|Any CPU
		Release|Any CPU = Release|Any CPU
	EndGlobalSection
	GlobalSection(ProjectConfigurationPlatforms) = postSolution
		{A217B22D-36BD-4E21-A27F-A2C8BF811BD3}.Debug|Any CPU.ActiveCfg = Debug|Any CPU
		{A217B22D-36BD-4E21-A27F-A2C8BF811BD3}.Debug|Any CPU.Build.0 = Debug|Any CPU
		{A217B22D-36BD-4E21-A27F-A2C8BF811BD3}.Release|Any CPU.ActiveCfg = Release|Any CPU
		{A217B22D-36BD-4E21-A27F-A2C8BF811BD3}.Release|Any CPU.Build.0 = Release|Any CPU
	EndGlobalSection
	GlobalSection(SolutionProperties) = preSolution
		HideSolutionNode = FALSE
	EndGlobalSection
	GlobalSection(ExtensibilityGlobals) = postSolution
		SolutionGuid = {2A107F1C-4318-4722-85CD-3DC9801BD4DA}
	EndGlobalSection
EndGlobal
